
Microsoft Visual Studio Solution File, Format Version 12.00
# Visual Studio Version 17
VisualStudioVersion = 17.5.2.0
MinimumVisualStudioVersion = 10.0.40219.1
Project("{FAE04EC0-301F-11D3-BF4B-00C04F79EFBC}") = "BackendAPI", "BackendAPI\BackendAPI.csproj", "{494E2E43-757D-2D5F-1B51-BF2742664A95}"
EndProject
Project("{FAE04EC0-301F-11D3-BF4B-00C04F79EFBC}") = "BackendAPI.Tests.Unit", "BackendAPI.Tests.Unit\BackendAPI.Tests.Unit.csproj", "{B3A27302-2FCF-49C6-8A20-DEAE91F6C795}"
EndProject
Project("{FAE04EC0-301F-11D3-BF4B-00C04F79EFBC}") = "BackendAPI.Tests.Integration", "BackendAPI.Tests.Integration\BackendAPI.Tests.Integration.csproj", "{19088EB6-0C56-44AF-A770-A23EB47A57A9}"
EndProject
Global
	GlobalSection(SolutionConfigurationPlatforms) = preSolution
		Debug|Any CPU = Debug|Any CPU
		Debug|x64 = Debug|x64
		Debug|x86 = Debug|x86
		Release|Any CPU = Release|Any CPU
		Release|x64 = Release|x64
		Release|x86 = Release|x86
	EndGlobalSection
	GlobalSection(ProjectConfigurationPlatforms) = postSolution
		{494E2E43-757D-2D5F-1B51-BF2742664A95}.Debug|Any CPU.ActiveCfg = Debug|Any CPU
		{494E2E43-757D-2D5F-1B51-BF2742664A95}.Debug|Any CPU.Build.0 = Debug|Any CPU
		{494E2E43-757D-2D5F-1B51-BF2742664A95}.Debug|x64.ActiveCfg = Debug|Any CPU
		{494E2E43-757D-2D5F-1B51-BF2742664A95}.Debug|x64.Build.0 = Debug|Any CPU
		{494E2E43-757D-2D5F-1B51-BF2742664A95}.Debug|x86.ActiveCfg = Debug|Any CPU
		{494E2E43-757D-2D5F-1B51-BF2742664A95}.Debug|x86.Build.0 = Debug|Any CPU
		{494E2E43-757D-2D5F-1B51-BF2742664A95}.Release|Any CPU.ActiveCfg = Release|Any CPU
		{494E2E43-757D-2D5F-1B51-BF2742664A95}.Release|Any CPU.Build.0 = Release|Any CPU
		{494E2E43-757D-2D5F-1B51-BF2742664A95}.Release|x64.ActiveCfg = Release|Any CPU
		{494E2E43-757D-2D5F-1B51-BF2742664A95}.Release|x64.Build.0 = Release|Any CPU
		{494E2E43-757D-2D5F-1B51-BF2742664A95}.Release|x86.ActiveCfg = Release|Any CPU
		{494E2E43-757D-2D5F-1B51-BF2742664A95}.Release|x86.Build.0 = Release|Any CPU
		{B3A27302-2FCF-49C6-8A20-DEAE91F6C795}.Debug|Any CPU.ActiveCfg = Debug|Any CPU
		{B3A27302-2FCF-49C6-8A20-DEAE91F6C795}.Debug|Any CPU.Build.0 = Debug|Any CPU
		{B3A27302-2FCF-49C6-8A20-DEAE91F6C795}.Debug|x64.ActiveCfg = Debug|Any CPU
		{B3A27302-2FCF-49C6-8A20-DEAE91F6C795}.Debug|x64.Build.0 = Debug|Any CPU
		{B3A27302-2FCF-49C6-8A20-DEAE91F6C795}.Debug|x86.ActiveCfg = Debug|Any CPU
		{B3A27302-2FCF-49C6-8A20-DEAE91F6C795}.Debug|x86.Build.0 = Debug|Any CPU
		{B3A27302-2FCF-49C6-8A20-DEAE91F6C795}.Release|Any CPU.ActiveCfg = Release|Any CPU
		{B3A27302-2FCF-49C6-8A20-DEAE91F6C795}.Release|Any CPU.Build.0 = Release|Any CPU
		{B3A27302-2FCF-49C6-8A20-DEAE91F6C795}.Release|x64.ActiveCfg = Release|Any CPU
		{B3A27302-2FCF-49C6-8A20-DEAE91F6C795}.Release|x64.Build.0 = Release|Any CPU
		{B3A27302-2FCF-49C6-8A20-DEAE91F6C795}.Release|x86.ActiveCfg = Release|Any CPU
		{B3A27302-2FCF-49C6-8A20-DEAE91F6C795}.Release|x86.Build.0 = Release|Any CPU
		{19088EB6-0C56-44AF-A770-A23EB47A57A9}.Debug|Any CPU.ActiveCfg = Debug|Any CPU
		{19088EB6-0C56-44AF-A770-A23EB47A57A9}.Debug|Any CPU.Build.0 = Debug|Any CPU
		{19088EB6-0C56-44AF-A770-A23EB47A57A9}.Debug|x64.ActiveCfg = Debug|Any CPU
		{19088EB6-0C56-44AF-A770-A23EB47A57A9}.Debug|x64.Build.0 = Debug|Any CPU
		{19088EB6-0C56-44AF-A770-A23EB47A57A9}.Debug|x86.ActiveCfg = Debug|Any CPU
		{19088EB6-0C56-44AF-A770-A23EB47A57A9}.Debug|x86.Build.0 = Debug|Any CPU
		{19088EB6-0C56-44AF-A770-A23EB47A57A9}.Release|Any CPU.ActiveCfg = Release|Any CPU
		{19088EB6-0C56-44AF-A770-A23EB47A57A9}.Release|Any CPU.Build.0 = Release|Any CPU
		{19088EB6-0C56-44AF-A770-A23EB47A57A9}.Release|x64.ActiveCfg = Release|Any CPU
		{19088EB6-0C56-44AF-A770-A23EB47A57A9}.Release|x64.Build.0 = Release|Any CPU
		{19088EB6-0C56-44AF-A770-A23EB47A57A9}.Release|x86.ActiveCfg = Release|Any CPU
		{19088EB6-0C56-44AF-A770-A23EB47A57A9}.Release|x86.Build.0 = Release|Any CPU
	EndGlobalSection
	GlobalSection(SolutionProperties) = preSolution
		HideSolutionNode = FALSE
	EndGlobalSection
	GlobalSection(ExtensibilityGlobals) = postSolution
		SolutionGuid = {99E5A962-E25C-4044-8CF3-53A84164394F}
	EndGlobalSection
EndGlobal
